
Microsoft Visual Studio Solution File, Format Version 12.00
# Visual Studio Version 17
VisualStudioVersion = 17.10.34928.147
MinimumVisualStudioVersion = 10.0.40219.1
Project("{FAE04EC0-301F-11D3-BF4B-00C04F79EFBC}") = "appfp_NET", "appfp_NET.csproj", "{6FDAF0EF-FE95-49B3-804F-C7A569DD1CE2}"
EndProject
Global
	GlobalSection(SolutionConfigurationPlatforms) = preSolution
		Debug|Any CPU = Debug|Any CPU
		Release|Any CPU = Release|Any CPU
	EndGlobalSection
	GlobalSection(ProjectConfigurationPlatforms) = postSolution
		{6FDAF0EF-FE95-49B3-804F-C7A569DD1CE2}.Debug|Any CPU.ActiveCfg = Debug|Any CPU
		{6FDAF0EF-FE95-49B3-804F-C7A569DD1CE2}.Debug|Any CPU.Build.0 = Debug|Any CPU
		{6FDAF0EF-FE95-49B3-804F-C7A569DD1CE2}.Release|Any CPU.ActiveCfg = Release|Any CPU
		{6FDAF0EF-FE95-49B3-804F-C7A569DD1CE2}.Release|Any CPU.Build.0 = Release|Any CPU
	EndGlobalSection
	GlobalSection(SolutionProperties) = preSolution
		HideSolutionNode = FALSE
	EndGlobalSection
	GlobalSection(ExtensibilityGlobals) = postSolution
		SolutionGuid = {2757D362-A497-4B59-A40D-20319D470FE8}
	EndGlobalSection
EndGlobal
